
Microsoft Visual Studio Solution File, Format Version 12.00
# Visual Studio 15
VisualStudioVersion = 15.0.28307.645
MinimumVisualStudioVersion = 10.0.40219.1
Project("{FAE04EC0-301F-11D3-BF4B-00C04F79EFBC}") = "Volunteer.Android", "Volunteer\Volunteer.Android\Volunteer.Android.csproj", "{DB52C252-B478-46DD-ADC5-5DC4AC732698}"
EndProject
Project("{FAE04EC0-301F-11D3-BF4B-00C04F79EFBC}") = "Volunteer.iOS", "Volunteer\Volunteer.iOS\Volunteer.iOS.csproj", "{DF8F14CE-FA6C-44D3-B2C9-461088A9925D}"
EndProject
Project("{FAE04EC0-301F-11D3-BF4B-00C04F79EFBC}") = "Volunteer", "Volunteer\Volunteer\Volunteer.csproj", "{4DD981FB-76C2-4B01-9EC6-1E6823634F46}"
EndProject
Global
	GlobalSection(SolutionConfigurationPlatforms) = preSolution
		Ad-Hoc|Any CPU = Ad-Hoc|Any CPU
		Ad-Hoc|iPhone = Ad-Hoc|iPhone
		Ad-Hoc|iPhoneSimulator = Ad-Hoc|iPhoneSimulator
		AppStore|Any CPU = AppStore|Any CPU
		AppStore|iPhone = AppStore|iPhone
		AppStore|iPhoneSimulator = AppStore|iPhoneSimulator
		Debug|Any CPU = Debug|Any CPU
		Debug|iPhone = Debug|iPhone
		Debug|iPhoneSimulator = Debug|iPhoneSimulator
		Release|Any CPU = Release|Any CPU
		Release|iPhone = Release|iPhone
		Release|iPhoneSimulator = Release|iPhoneSimulator
	EndGlobalSection
	GlobalSection(ProjectConfigurationPlatforms) = postSolution
		{DB52C252-B478-46DD-ADC5-5DC4AC732698}.Ad-Hoc|Any CPU.ActiveCfg = Release|Any CPU
		{DB52C252-B478-46DD-ADC5-5DC4AC732698}.Ad-Hoc|Any CPU.Build.0 = Release|Any CPU
		{DB52C252-B478-46DD-ADC5-5DC4AC732698}.Ad-Hoc|Any CPU.Deploy.0 = Release|Any CPU
		{DB52C252-B478-46DD-ADC5-5DC4AC732698}.Ad-Hoc|iPhone.ActiveCfg = Release|Any CPU
		{DB52C252-B478-46DD-ADC5-5DC4AC732698}.Ad-Hoc|iPhone.Build.0 = Release|Any CPU
		{DB52C252-B478-46DD-ADC5-5DC4AC732698}.Ad-Hoc|iPhone.Deploy.0 = Release|Any CPU
		{DB52C252-B478-46DD-ADC5-5DC4AC732698}.Ad-Hoc|iPhoneSimulator.ActiveCfg = Release|Any CPU
		{DB52C252-B478-46DD-ADC5-5DC4AC732698}.Ad-Hoc|iPhoneSimulator.Build.0 = Release|Any CPU
		{DB52C252-B478-46DD-ADC5-5DC4AC732698}.Ad-Hoc|iPhoneSimulator.Deploy.0 = Release|Any CPU
		{DB52C252-B478-46DD-ADC5-5DC4AC732698}.AppStore|Any CPU.ActiveCfg = Release|Any CPU
		{DB52C252-B478-46DD-ADC5-5DC4AC732698}.AppStore|Any CPU.Build.0 = Release|Any CPU
		{DB52C252-B478-46DD-ADC5-5DC4AC732698}.AppStore|Any CPU.Deploy.0 = Release|Any CPU
		{DB52C252-B478-46DD-ADC5-5DC4AC732698}.AppStore|iPhone.ActiveCfg = Release|Any CPU
		{DB52C252-B478-46DD-ADC5-5DC4AC732698}.AppStore|iPhone.Build.0 = Release|Any CPU
		{DB52C252-B478-46DD-ADC5-5DC4AC732698}.AppStore|iPhone.Deploy.0 = Release|Any CPU
		{DB52C252-B478-46DD-ADC5-5DC4AC732698}.AppStore|iPhoneSimulator.ActiveCfg = Release|Any CPU
		{DB52C252-B478-46DD-ADC5-5DC4AC732698}.AppStore|iPhoneSimulator.Build.0 = Release|Any CPU
		{DB52C252-B478-46DD-ADC5-5DC4AC732698}.AppStore|iPhoneSimulator.Deploy.0 = Release|Any CPU
		{DB52C252-B478-46DD-ADC5-5DC4AC732698}.Debug|Any CPU.ActiveCfg = Debug|Any CPU
		{DB52C252-B478-46DD-ADC5-5DC4AC732698}.Debug|Any CPU.Build.0 = Debug|Any CPU
		{DB52C252-B478-46DD-ADC5-5DC4AC732698}.Debug|Any CPU.Deploy.0 = Debug|Any CPU
		{DB52C252-B478-46DD-ADC5-5DC4AC732698}.Debug|iPhone.ActiveCfg = Debug|Any CPU
		{DB52C252-B478-46DD-ADC5-5DC4AC732698}.Debug|iPhone.Build.0 = Debug|Any CPU
		{DB52C252-B478-46DD-ADC5-5DC4AC732698}.Debug|iPhone.Deploy.0 = Debug|Any CPU
		{DB52C252-B478-46DD-ADC5-5DC4AC732698}.Debug|iPhoneSimulator.ActiveCfg = Debug|Any CPU
		{DB52C252-B478-46DD-ADC5-5DC4AC732698}.Debug|iPhoneSimulator.Build.0 = Debug|Any CPU
		{DB52C252-B478-46DD-ADC5-5DC4AC732698}.Debug|iPhoneSimulator.Deploy.0 = Debug|Any CPU
		{DB52C252-B478-46DD-ADC5-5DC4AC732698}.Release|Any CPU.ActiveCfg = Release|Any CPU
		{DB52C252-B478-46DD-ADC5-5DC4AC732698}.Release|Any CPU.Build.0 = Release|Any CPU
		{DB52C252-B478-46DD-ADC5-5DC4AC732698}.Release|Any CPU.Deploy.0 = Release|Any CPU
		{DB52C252-B478-46DD-ADC5-5DC4AC732698}.Release|iPhone.ActiveCfg = Release|Any CPU
		{DB52C252-B478-46DD-ADC5-5DC4AC732698}.Release|iPhone.Build.0 = Release|Any CPU
		{DB52C252-B478-46DD-ADC5-5DC4AC732698}.Release|iPhone.Deploy.0 = Release|Any CPU
		{DB52C252-B478-46DD-ADC5-5DC4AC732698}.Release|iPhoneSimulator.ActiveCfg = Release|Any CPU
		{DB52C252-B478-46DD-ADC5-5DC4AC732698}.Release|iPhoneSimulator.Build.0 = Release|Any CPU
		{DB52C252-B478-46DD-ADC5-5DC4AC732698}.Release|iPhoneSimulator.Deploy.0 = Release|Any CPU
		{DF8F14CE-FA6C-44D3-B2C9-461088A9925D}.Ad-Hoc|Any CPU.ActiveCfg = Ad-Hoc|iPhone
		{DF8F14CE-FA6C-44D3-B2C9-461088A9925D}.Ad-Hoc|Any CPU.Build.0 = Ad-Hoc|iPhone
		{DF8F14CE-FA6C-44D3-B2C9-461088A9925D}.Ad-Hoc|Any CPU.Deploy.0 = Ad-Hoc|iPhone
		{DF8F14CE-FA6C-44D3-B2C9-461088A9925D}.Ad-Hoc|iPhone.ActiveCfg = Ad-Hoc|iPhone
		{DF8F14CE-FA6C-44D3-B2C9-461088A9925D}.Ad-Hoc|iPhone.Build.0 = Ad-Hoc|iPhone
		{DF8F14CE-FA6C-44D3-B2C9-461088A9925D}.Ad-Hoc|iPhone.Deploy.0 = Ad-Hoc|iPhone
		{DF8F14CE-FA6C-44D3-B2C9-461088A9925D}.Ad-Hoc|iPhoneSimulator.ActiveCfg = Ad-Hoc|iPhoneSimulator
		{DF8F14CE-FA6C-44D3-B2C9-461088A9925D}.Ad-Hoc|iPhoneSimulator.Build.0 = Ad-Hoc|iPhoneSimulator
		{DF8F14CE-FA6C-44D3-B2C9-461088A9925D}.Ad-Hoc|iPhoneSimulator.Deploy.0 = Ad-Hoc|iPhoneSimulator
		{DF8F14CE-FA6C-44D3-B2C9-461088A9925D}.AppStore|Any CPU.ActiveCfg = AppStore|iPhone
		{DF8F14CE-FA6C-44D3-B2C9-461088A9925D}.AppStore|Any CPU.Build.0 = AppStore|iPhone
		{DF8F14CE-FA6C-44D3-B2C9-461088A9925D}.AppStore|Any CPU.Deploy.0 = AppStore|iPhone
		{DF8F14CE-FA6C-44D3-B2C9-461088A9925D}.AppStore|iPhone.ActiveCfg = AppStore|iPhone
		{DF8F14CE-FA6C-44D3-B2C9-461088A9925D}.AppStore|iPhone.Build.0 = AppStore|iPhone
		{DF8F14CE-FA6C-44D3-B2C9-461088A9925D}.AppStore|iPhone.Deploy.0 = AppStore|iPhone
		{DF8F14CE-FA6C-44D3-B2C9-461088A9925D}.AppStore|iPhoneSimulator.ActiveCfg = AppStore|iPhoneSimulator
		{DF8F14CE-FA6C-44D3-B2C9-461088A9925D}.AppStore|iPhoneSimulator.Build.0 = AppStore|iPhoneSimulator
		{DF8F14CE-FA6C-44D3-B2C9-461088A9925D}.AppStore|iPhoneSimulator.Deploy.0 = AppStore|iPhoneSimulator
		{DF8F14CE-FA6C-44D3-B2C9-461088A9925D}.Debug|Any CPU.ActiveCfg = Debug|iPhoneSimulator
		{DF8F14CE-FA6C-44D3-B2C9-461088A9925D}.Debug|Any CPU.Build.0 = Debug|iPhoneSimulator
		{DF8F14CE-FA6C-44D3-B2C9-461088A9925D}.Debug|Any CPU.Deploy.0 = Debug|iPhoneSimulator
		{DF8F14CE-FA6C-44D3-B2C9-461088A9925D}.Debug|iPhone.ActiveCfg = Debug|iPhone
		{DF8F14CE-FA6C-44D3-B2C9-461088A9925D}.Debug|iPhone.Build.0 = Debug|iPhone
		{DF8F14CE-FA6C-44D3-B2C9-461088A9925D}.Debug|iPhone.Deploy.0 = Debug|iPhone
		{DF8F14CE-FA6C-44D3-B2C9-461088A9925D}.Debug|iPhoneSimulator.ActiveCfg = Debug|iPhoneSimulator
		{DF8F14CE-FA6C-44D3-B2C9-461088A9925D}.Debug|iPhoneSimulator.Build.0 = Debug|iPhoneSimulator
		{DF8F14CE-FA6C-44D3-B2C9-461088A9925D}.Debug|iPhoneSimulator.Deploy.0 = Debug|iPhoneSimulator
		{DF8F14CE-FA6C-44D3-B2C9-461088A9925D}.Release|Any CPU.ActiveCfg = Release|iPhone
		{DF8F14CE-FA6C-44D3-B2C9-461088A9925D}.Release|Any CPU.Build.0 = Release|iPhone
		{DF8F14CE-FA6C-44D3-B2C9-461088A9925D}.Release|Any CPU.Deploy.0 = Release|iPhone
		{DF8F14CE-FA6C-44D3-B2C9-461088A9925D}.Release|iPhone.ActiveCfg = Release|iPhone
		{DF8F14CE-FA6C-44D3-B2C9-461088A9925D}.Release|iPhone.Build.0 = Release|iPhone
		{DF8F14CE-FA6C-44D3-B2C9-461088A9925D}.Release|iPhone.Deploy.0 = Release|iPhone
		{DF8F14CE-FA6C-44D3-B2C9-461088A9925D}.Release|iPhoneSimulator.ActiveCfg = Release|iPhoneSimulator
		{DF8F14CE-FA6C-44D3-B2C9-461088A9925D}.Release|iPhoneSimulator.Build.0 = Release|iPhoneSimulator
		{DF8F14CE-FA6C-44D3-B2C9-461088A9925D}.Release|iPhoneSimulator.Deploy.0 = Release|iPhoneSimulator
		{4DD981FB-76C2-4B01-9EC6-1E6823634F46}.Ad-Hoc|Any CPU.ActiveCfg = Debug|Any CPU
		{4DD981FB-76C2-4B01-9EC6-1E6823634F46}.Ad-Hoc|Any CPU.Build.0 = Debug|Any CPU
		{4DD981FB-76C2-4B01-9EC6-1E6823634F46}.Ad-Hoc|Any CPU.Deploy.0 = Debug|Any CPU
		{4DD981FB-76C2-4B01-9EC6-1E6823634F46}.Ad-Hoc|iPhone.ActiveCfg = Debug|Any CPU
		{4DD981FB-76C2-4B01-9EC6-1E6823634F46}.Ad-Hoc|iPhone.Build.0 = Debug|Any CPU
		{4DD981FB-76C2-4B01-9EC6-1E6823634F46}.Ad-Hoc|iPhone.Deploy.0 = Debug|Any CPU
		{4DD981FB-76C2-4B01-9EC6-1E6823634F46}.Ad-Hoc|iPhoneSimulator.ActiveCfg = Debug|Any CPU
		{4DD981FB-76C2-4B01-9EC6-1E6823634F46}.Ad-Hoc|iPhoneSimulator.Build.0 = Debug|Any CPU
		{4DD981FB-76C2-4B01-9EC6-1E6823634F46}.Ad-Hoc|iPhoneSimulator.Deploy.0 = Debug|Any CPU
		{4DD981FB-76C2-4B01-9EC6-1E6823634F46}.AppStore|Any CPU.ActiveCfg = Debug|Any CPU
		{4DD981FB-76C2-4B01-9EC6-1E6823634F46}.AppStore|Any CPU.Build.0 = Debug|Any CPU
		{4DD981FB-76C2-4B01-9EC6-1E6823634F46}.AppStore|Any CPU.Deploy.0 = Debug|Any CPU
		{4DD981FB-76C2-4B01-9EC6-1E6823634F46}.AppStore|iPhone.ActiveCfg = Debug|Any CPU
		{4DD981FB-76C2-4B01-9EC6-1E6823634F46}.AppStore|iPhone.Build.0 = Debug|Any CPU
		{4DD981FB-76C2-4B01-9EC6-1E6823634F46}.AppStore|iPhone.Deploy.0 = Debug|Any CPU
		{4DD981FB-76C2-4B01-9EC6-1E6823634F46}.AppStore|iPhoneSimulator.ActiveCfg = Debug|Any CPU
		{4DD981FB-76C2-4B01-9EC6-1E6823634F46}.AppStore|iPhoneSimulator.Build.0 = Debug|Any CPU
		{4DD981FB-76C2-4B01-9EC6-1E6823634F46}.AppStore|iPhoneSimulator.Deploy.0 = Debug|Any CPU
		{4DD981FB-76C2-4B01-9EC6-1E6823634F46}.Debug|Any CPU.ActiveCfg = Debug|Any CPU
		{4DD981FB-76C2-4B01-9EC6-1E6823634F46}.Debug|Any CPU.Build.0 = Debug|Any CPU
		{4DD981FB-76C2-4B01-9EC6-1E6823634F46}.Debug|Any CPU.Deploy.0 = Debug|Any CPU
		{4DD981FB-76C2-4B01-9EC6-1E6823634F46}.Debug|iPhone.ActiveCfg = Debug|Any CPU
		{4DD981FB-76C2-4B01-9EC6-1E6823634F46}.Debug|iPhone.Build.0 = Debug|Any CPU
		{4DD981FB-76C2-4B01-9EC6-1E6823634F46}.Debug|iPhone.Deploy.0 = Debug|Any CPU
		{4DD981FB-76C2-4B01-9EC6-1E6823634F46}.Debug|iPhoneSimulator.ActiveCfg = Debug|Any CPU
		{4DD981FB-76C2-4B01-9EC6-1E6823634F46}.Debug|iPhoneSimulator.Build.0 = Debug|Any CPU
		{4DD981FB-76C2-4B01-9EC6-1E6823634F46}.Debug|iPhoneSimulator.Deploy.0 = Debug|Any CPU
		{4DD981FB-76C2-4B01-9EC6-1E6823634F46}.Release|Any CPU.ActiveCfg = Release|Any CPU
		{4DD981FB-76C2-4B01-9EC6-1E6823634F46}.Release|Any CPU.Build.0 = Release|Any CPU
		{4DD981FB-76C2-4B01-9EC6-1E6823634F46}.Release|Any CPU.Deploy.0 = Release|Any CPU
		{4DD981FB-76C2-4B01-9EC6-1E6823634F46}.Release|iPhone.ActiveCfg = Release|Any CPU
		{4DD981FB-76C2-4B01-9EC6-1E6823634F46}.Release|iPhone.Build.0 = Release|Any CPU
		{4DD981FB-76C2-4B01-9EC6-1E6823634F46}.Release|iPhone.Deploy.0 = Release|Any CPU
		{4DD981FB-76C2-4B01-9EC6-1E6823634F46}.Release|iPhoneSimulator.ActiveCfg = Release|Any CPU
		{4DD981FB-76C2-4B01-9EC6-1E6823634F46}.Release|iPhoneSimulator.Build.0 = Release|Any CPU
		{4DD981FB-76C2-4B01-9EC6-1E6823634F46}.Release|iPhoneSimulator.Deploy.0 = Release|Any CPU
	EndGlobalSection
	GlobalSection(SolutionProperties) = preSolution
		HideSolutionNode = FALSE
	EndGlobalSection
	GlobalSection(ExtensibilityGlobals) = postSolution
		SolutionGuid = {356AFCD1-E73C-4C1E-AF39-1F45E02E7232}
	EndGlobalSection
EndGlobal
